// !$*UTF8*$!
{
	archiveVersion = 1;
	classes = {
	};
	objectVersion = 77;
	objects = {

/* Begin PBXBuildFile section */
		09C84F3716DDFC0E5D11BCFA /* PSSWidget.appex in Embed Foundation Extensions */ = {isa = PBXBuildFile; fileRef = 849CF2FD52E30DD587262982 /* PSSWidget.appex */; settings = {ATTRIBUTES = (RemoveHeadersOnCopy, ); }; };
		101AA509125B7736A67B2F3F /* FeedProviderTests.swift in Sources */ = {isa = PBXBuildFile; fileRef = 55F6E13699DEFB0D484431B9 /* FeedProviderTests.swift */; };
		162BE9BB318378F4D2084447 /* PSSWidgetBundle.swift in Sources */ = {isa = PBXBuildFile; fileRef = D36C38592CB843534A3E0AC0 /* PSSWidgetBundle.swift */; };
		1D99B07BBA3F33DAEE387A2F /* StatuspageProvider.swift in Sources */ = {isa = PBXBuildFile; fileRef = 243CE78DFB0817548984A042 /* StatuspageProvider.swift */; };
		20F9D1A7E42A1CC030D04C6B /* PSSCore.framework in Frameworks */ = {isa = PBXBuildFile; fileRef = BBE4AEB089B8E44E165B2778 /* PSSCore.framework */; };
		26841BD4DE094F4790E33198 /* PSSCore.framework in Frameworks */ = {isa = PBXBuildFile; fileRef = BBE4AEB089B8E44E165B2778 /* PSSCore.framework */; };
		2B219B01E2CD5AFF78D3C64A /* StatusWidget.swift in Sources */ = {isa = PBXBuildFile; fileRef = DBC8844B9693C3A99A7DB648 /* StatusWidget.swift */; };
		2CEEE8F7EE133EDEA72A7322 /* PSSCore.framework in Embed Frameworks */ = {isa = PBXBuildFile; fileRef = BBE4AEB089B8E44E165B2778 /* PSSCore.framework */; settings = {ATTRIBUTES = (CodeSignOnCopy, RemoveHeadersOnCopy, ); }; };
		359E312248F310B9ECA9B6D5 /* ServiceState.swift in Sources */ = {isa = PBXBuildFile; fileRef = 85FD6BDC1D42EB4EA90C175C /* ServiceState.swift */; };
		3720EDE7C8F881C7AFDF697B /* ServiceStatus.swift in Sources */ = {isa = PBXBuildFile; fileRef = 15AF7D2745E523BDA769E0F2 /* ServiceStatus.swift */; };
		43E54C670620D661797F23F2 /* xai-active-major.xml in Resources */ = {isa = PBXBuildFile; fileRef = 7D60B08048EC0F1F030D80B5 /* xai-active-major.xml */; };
		4FBCD6E63A3A8961E9891333 /* statuspage-major.json in Resources */ = {isa = PBXBuildFile; fileRef = AE8CDB73FBF4505CA0EE839D /* statuspage-major.json */; };
		53B9D54635ACBDAE6E3E1D09 /* PSSApp.swift in Sources */ = {isa = PBXBuildFile; fileRef = 3852144F2AC76E0737339764 /* PSSApp.swift */; };
		5926C30B3644ED25C0313FCC /* statuspage-minor.json in Resources */ = {isa = PBXBuildFile; fileRef = 1E4CC3F7CBB899C5149CA81A /* statuspage-minor.json */; };
		5ABFB9FA0F57ECE22AE8E062 /* statuspage-none.json in Resources */ = {isa = PBXBuildFile; fileRef = 03E5920C39CB1ECB371FBA9E /* statuspage-none.json */; };
		69CF96657AD1ACB753A7C5C9 /* PSSCore.framework in Embed Frameworks */ = {isa = PBXBuildFile; fileRef = BBE4AEB089B8E44E165B2778 /* PSSCore.framework */; settings = {ATTRIBUTES = (CodeSignOnCopy, RemoveHeadersOnCopy, ); }; };
		7176A5B32020C5C47C610DC5 /* StatusProvider.swift in Sources */ = {isa = PBXBuildFile; fileRef = 0EBF6CB075A92A4D3E851489 /* StatusProvider.swift */; };
		73417CF07DC956DA2E54ACCB /* deepseek-active.xml in Resources */ = {isa = PBXBuildFile; fileRef = B97A080445DAB5652BE409C7 /* deepseek-active.xml */; };
		9625F67319332B3CF2C18735 /* xai-resolved.xml in Resources */ = {isa = PBXBuildFile; fileRef = 731371BCA36086CD2CC49E0E /* xai-resolved.xml */; };
		A75A34B1FF943D5B41F13F22 /* ServiceStateTests.swift in Sources */ = {isa = PBXBuildFile; fileRef = 65E240D10800DF3C2EC8491C /* ServiceStateTests.swift */; };
		AAFA4B14B9963C46EADF7674 /* StatuspageProviderTests.swift in Sources */ = {isa = PBXBuildFile; fileRef = 842BB71FBCF408D33D92F237 /* StatuspageProviderTests.swift */; };
		BCB4EF2501AD0528A29D8EC6 /* deepseek-resolved.xml in Resources */ = {isa = PBXBuildFile; fileRef = B185CC320E5977262B4428D3 /* deepseek-resolved.xml */; };
		C73F2F858F642E7521BEF275 /* Service.swift in Sources */ = {isa = PBXBuildFile; fileRef = 7F42A8B7B1B556863BF754C8 /* Service.swift */; };
		DBD2E12AA47BC3565AE8D848 /* statuspage-critical.json in Resources */ = {isa = PBXBuildFile; fileRef = FCED209D76069D4B36496621 /* statuspage-critical.json */; };
		E69DA97CD8834BCA3E34FE78 /* PSSCore.framework in Frameworks */ = {isa = PBXBuildFile; fileRef = BBE4AEB089B8E44E165B2778 /* PSSCore.framework */; };
		EBFE18022D52B98E7FAAE59D /* FeedProvider.swift in Sources */ = {isa = PBXBuildFile; fileRef = 1B1001D800D1013893DCDDDD /* FeedProvider.swift */; };
/* End PBXBuildFile section */

/* Begin PBXContainerItemProxy section */
		03BDBA654050AA2A880C52AD /* PBXContainerItemProxy */ = {
			isa = PBXContainerItemProxy;
			containerPortal = A985A887BE58C32355D4B28A /* Project object */;
			proxyType = 1;
			remoteGlobalIDString = 91B9D097DFF87EF5D53753D6;
			remoteInfo = PSSWidget;
		};
		AD6CCDB5AF63E77ACF32F3B7 /* PBXContainerItemProxy */ = {
			isa = PBXContainerItemProxy;
			containerPortal = A985A887BE58C32355D4B28A /* Project object */;
			proxyType = 1;
			remoteGlobalIDString = 9467937A954DDD40CF26D683;
			remoteInfo = PSSCore;
		};
		C4CE0CE7D00816C5BC8261EA /* PBXContainerItemProxy */ = {
			isa = PBXContainerItemProxy;
			containerPortal = A985A887BE58C32355D4B28A /* Project object */;
			proxyType = 1;
			remoteGlobalIDString = 9467937A954DDD40CF26D683;
			remoteInfo = PSSCore;
		};
		CEF23C8CC1E686EFB0052FA4 /* PBXContainerItemProxy */ = {
			isa = PBXContainerItemProxy;
			containerPortal = A985A887BE58C32355D4B28A /* Project object */;
			proxyType = 1;
			remoteGlobalIDString = 9467937A954DDD40CF26D683;
			remoteInfo = PSSCore;
		};
/* End PBXContainerItemProxy section */

/* Begin PBXCopyFilesBuildPhase section */
		52E94F20B124646DB5FB1794 /* Embed Frameworks */ = {
			isa = PBXCopyFilesBuildPhase;
			buildActionMask = 2147483647;
			dstPath = "";
			dstSubfolderSpec = 10;
			files = (
				69CF96657AD1ACB753A7C5C9 /* PSSCore.framework in Embed Frameworks */,
			);
			name = "Embed Frameworks";
			runOnlyForDeploymentPostprocessing = 0;
		};
		8A5C24FB89C29A4663908760 /* Embed Foundation Extensions */ = {
			isa = PBXCopyFilesBuildPhase;
			buildActionMask = 2147483647;
			dstPath = "";
			dstSubfolderSpec = 13;
			files = (
				09C84F3716DDFC0E5D11BCFA /* PSSWidget.appex in Embed Foundation Extensions */,
			);
			name = "Embed Foundation Extensions";
			runOnlyForDeploymentPostprocessing = 0;
		};
		9B2DE2F20A4E74744EECA96C /* Embed Frameworks */ = {
			isa = PBXCopyFilesBuildPhase;
			buildActionMask = 2147483647;
			dstPath = "";
			dstSubfolderSpec = 10;
			files = (
				2CEEE8F7EE133EDEA72A7322 /* PSSCore.framework in Embed Frameworks */,
			);
			name = "Embed Frameworks";
			runOnlyForDeploymentPostprocessing = 0;
		};
/* End PBXCopyFilesBuildPhase section */

/* Begin PBXFileReference section */
		03E5920C39CB1ECB371FBA9E /* statuspage-none.json */ = {isa = PBXFileReference; lastKnownFileType = text.json; path = "statuspage-none.json"; sourceTree = "<group>"; };
		0857F3F806899756370313E0 /* Info.plist */ = {isa = PBXFileReference; lastKnownFileType = text.plist; path = Info.plist; sourceTree = "<group>"; };
		0EBF6CB075A92A4D3E851489 /* StatusProvider.swift */ = {isa = PBXFileReference; lastKnownFileType = sourcecode.swift; path = StatusProvider.swift; sourceTree = "<group>"; };
		15AF7D2745E523BDA769E0F2 /* ServiceStatus.swift */ = {isa = PBXFileReference; lastKnownFileType = sourcecode.swift; path = ServiceStatus.swift; sourceTree = "<group>"; };
		1B1001D800D1013893DCDDDD /* FeedProvider.swift */ = {isa = PBXFileReference; lastKnownFileType = sourcecode.swift; path = FeedProvider.swift; sourceTree = "<group>"; };
		1E4CC3F7CBB899C5149CA81A /* statuspage-minor.json */ = {isa = PBXFileReference; lastKnownFileType = text.json; path = "statuspage-minor.json"; sourceTree = "<group>"; };
		243CE78DFB0817548984A042 /* StatuspageProvider.swift */ = {isa = PBXFileReference; lastKnownFileType = sourcecode.swift; path = StatuspageProvider.swift; sourceTree = "<group>"; };
		3852144F2AC76E0737339764 /* PSSApp.swift */ = {isa = PBXFileReference; lastKnownFileType = sourcecode.swift; path = PSSApp.swift; sourceTree = "<group>"; };
		55F6E13699DEFB0D484431B9 /* FeedProviderTests.swift */ = {isa = PBXFileReference; lastKnownFileType = sourcecode.swift; path = FeedProviderTests.swift; sourceTree = "<group>"; };
		65E240D10800DF3C2EC8491C /* ServiceStateTests.swift */ = {isa = PBXFileReference; lastKnownFileType = sourcecode.swift; path = ServiceStateTests.swift; sourceTree = "<group>"; };
		731371BCA36086CD2CC49E0E /* xai-resolved.xml */ = {isa = PBXFileReference; lastKnownFileType = text.xml; path = "xai-resolved.xml"; sourceTree = "<group>"; };
		7D60B08048EC0F1F030D80B5 /* xai-active-major.xml */ = {isa = PBXFileReference; lastKnownFileType = text.xml; path = "xai-active-major.xml"; sourceTree = "<group>"; };
		7F42A8B7B1B556863BF754C8 /* Service.swift */ = {isa = PBXFileReference; lastKnownFileType = sourcecode.swift; path = Service.swift; sourceTree = "<group>"; };
		8393E04D681F73D676A11C07 /* PSS.entitlements */ = {isa = PBXFileReference; lastKnownFileType = text.plist.entitlements; path = PSS.entitlements; sourceTree = "<group>"; };
		842BB71FBCF408D33D92F237 /* StatuspageProviderTests.swift */ = {isa = PBXFileReference; lastKnownFileType = sourcecode.swift; path = StatuspageProviderTests.swift; sourceTree = "<group>"; };
		849CF2FD52E30DD587262982 /* PSSWidget.appex */ = {isa = PBXFileReference; explicitFileType = "wrapper.app-extension"; includeInIndex = 0; path = PSSWidget.appex; sourceTree = BUILT_PRODUCTS_DIR; };
		85FD6BDC1D42EB4EA90C175C /* ServiceState.swift */ = {isa = PBXFileReference; lastKnownFileType = sourcecode.swift; path = ServiceState.swift; sourceTree = "<group>"; };
		982DA4CBA26F186857B6E49A /* .gitkeep */ = {isa = PBXFileReference; path = .gitkeep; sourceTree = "<group>"; };
		9ED61BEDE67F58D808726B2E /* Info.plist */ = {isa = PBXFileReference; lastKnownFileType = text.plist; path = Info.plist; sourceTree = "<group>"; };
		AE8CDB73FBF4505CA0EE839D /* statuspage-major.json */ = {isa = PBXFileReference; lastKnownFileType = text.json; path = "statuspage-major.json"; sourceTree = "<group>"; };
		B185CC320E5977262B4428D3 /* deepseek-resolved.xml */ = {isa = PBXFileReference; lastKnownFileType = text.xml; path = "deepseek-resolved.xml"; sourceTree = "<group>"; };
		B97A080445DAB5652BE409C7 /* deepseek-active.xml */ = {isa = PBXFileReference; lastKnownFileType = text.xml; path = "deepseek-active.xml"; sourceTree = "<group>"; };
		BBE4AEB089B8E44E165B2778 /* PSSCore.framework */ = {isa = PBXFileReference; explicitFileType = wrapper.framework; includeInIndex = 0; path = PSSCore.framework; sourceTree = BUILT_PRODUCTS_DIR; };
		D36C38592CB843534A3E0AC0 /* PSSWidgetBundle.swift */ = {isa = PBXFileReference; lastKnownFileType = sourcecode.swift; path = PSSWidgetBundle.swift; sourceTree = "<group>"; };
		DAF21CF131EEFAB110765ED4 /* PSS.app */ = {isa = PBXFileReference; explicitFileType = wrapper.application; includeInIndex = 0; path = PSS.app; sourceTree = BUILT_PRODUCTS_DIR; };
		DBC8844B9693C3A99A7DB648 /* StatusWidget.swift */ = {isa = PBXFileReference; lastKnownFileType = sourcecode.swift; path = StatusWidget.swift; sourceTree = "<group>"; };
		DBCAC992968F039238A42036 /* PSSCoreTests.xctest */ = {isa = PBXFileReference; explicitFileType = wrapper.cfbundle; includeInIndex = 0; path = PSSCoreTests.xctest; sourceTree = BUILT_PRODUCTS_DIR; };
		E5A439AED18C44E70BF87F66 /* PSSWidget.entitlements */ = {isa = PBXFileReference; lastKnownFileType = text.plist.entitlements; path = PSSWidget.entitlements; sourceTree = "<group>"; };
		FCED209D76069D4B36496621 /* statuspage-critical.json */ = {isa = PBXFileReference; lastKnownFileType = text.json; path = "statuspage-critical.json"; sourceTree = "<group>"; };
/* End PBXFileReference section */

/* Begin PBXFrameworksBuildPhase section */
		0E83C4AE69C17F133F838E98 /* Frameworks */ = {
			isa = PBXFrameworksBuildPhase;
			buildActionMask = 2147483647;
			files = (
				E69DA97CD8834BCA3E34FE78 /* PSSCore.framework in Frameworks */,
			);
			runOnlyForDeploymentPostprocessing = 0;
		};
		2E284B356AB671C2494B4F20 /* Frameworks */ = {
			isa = PBXFrameworksBuildPhase;
			buildActionMask = 2147483647;
			files = (
				26841BD4DE094F4790E33198 /* PSSCore.framework in Frameworks */,
			);
			runOnlyForDeploymentPostprocessing = 0;
		};
		8571C819BA7C89FAB934B6D2 /* Frameworks */ = {
			isa = PBXFrameworksBuildPhase;
			buildActionMask = 2147483647;
			files = (
				20F9D1A7E42A1CC030D04C6B /* PSSCore.framework in Frameworks */,
			);
			runOnlyForDeploymentPostprocessing = 0;
		};
/* End PBXFrameworksBuildPhase section */

/* Begin PBXGroup section */
		224B467930D1E955EB584B47 /* PSS */ = {
			isa = PBXGroup;
			children = (
				9ED61BEDE67F58D808726B2E /* Info.plist */,
				8393E04D681F73D676A11C07 /* PSS.entitlements */,
				3852144F2AC76E0737339764 /* PSSApp.swift */,
			);
			path = PSS;
			sourceTree = "<group>";
		};
		2E1DFC1FE84E5AE2832C1A00 /* Products */ = {
			isa = PBXGroup;
			children = (
				DAF21CF131EEFAB110765ED4 /* PSS.app */,
				BBE4AEB089B8E44E165B2778 /* PSSCore.framework */,
				DBCAC992968F039238A42036 /* PSSCoreTests.xctest */,
				849CF2FD52E30DD587262982 /* PSSWidget.appex */,
			);
			name = Products;
			sourceTree = "<group>";
		};
		6CD692574E2717A84D2F3782 /* Shared */ = {
			isa = PBXGroup;
			children = (
				1B1001D800D1013893DCDDDD /* FeedProvider.swift */,
				7F42A8B7B1B556863BF754C8 /* Service.swift */,
				85FD6BDC1D42EB4EA90C175C /* ServiceState.swift */,
				15AF7D2745E523BDA769E0F2 /* ServiceStatus.swift */,
				243CE78DFB0817548984A042 /* StatuspageProvider.swift */,
				0EBF6CB075A92A4D3E851489 /* StatusProvider.swift */,
			);
			path = Shared;
			sourceTree = "<group>";
		};
		8DC891C97ABB1867700B9E46 /* Fixtures */ = {
			isa = PBXGroup;
			children = (
				982DA4CBA26F186857B6E49A /* .gitkeep */,
				B97A080445DAB5652BE409C7 /* deepseek-active.xml */,
				B185CC320E5977262B4428D3 /* deepseek-resolved.xml */,
				FCED209D76069D4B36496621 /* statuspage-critical.json */,
				AE8CDB73FBF4505CA0EE839D /* statuspage-major.json */,
				1E4CC3F7CBB899C5149CA81A /* statuspage-minor.json */,
				03E5920C39CB1ECB371FBA9E /* statuspage-none.json */,
				7D60B08048EC0F1F030D80B5 /* xai-active-major.xml */,
				731371BCA36086CD2CC49E0E /* xai-resolved.xml */,
			);
			path = Fixtures;
			sourceTree = "<group>";
		};
		A04DA0647D3558F1544CF3A0 /* PSSTests */ = {
			isa = PBXGroup;
			children = (
				55F6E13699DEFB0D484431B9 /* FeedProviderTests.swift */,
				65E240D10800DF3C2EC8491C /* ServiceStateTests.swift */,
				842BB71FBCF408D33D92F237 /* StatuspageProviderTests.swift */,
				8DC891C97ABB1867700B9E46 /* Fixtures */,
			);
			path = PSSTests;
			sourceTree = "<group>";
		};
		C0A8620145DE7FF570CBEA87 = {
			isa = PBXGroup;
			children = (
				224B467930D1E955EB584B47 /* PSS */,
				A04DA0647D3558F1544CF3A0 /* PSSTests */,
				EE7C5F2FBA6FCB8259A58207 /* PSSWidget */,
				6CD692574E2717A84D2F3782 /* Shared */,
				2E1DFC1FE84E5AE2832C1A00 /* Products */,
			);
			sourceTree = "<group>";
		};
		EE7C5F2FBA6FCB8259A58207 /* PSSWidget */ = {
			isa = PBXGroup;
			children = (
				0857F3F806899756370313E0 /* Info.plist */,
				E5A439AED18C44E70BF87F66 /* PSSWidget.entitlements */,
				D36C38592CB843534A3E0AC0 /* PSSWidgetBundle.swift */,
				DBC8844B9693C3A99A7DB648 /* StatusWidget.swift */,
			);
			path = PSSWidget;
			sourceTree = "<group>";
		};
/* End PBXGroup section */

/* Begin PBXNativeTarget section */
		7F1385094806D2D4429B30AA /* PSSCoreTests */ = {
			isa = PBXNativeTarget;
			buildConfigurationList = 5FD4B2AD63A9C6C57C26B8D3 /* Build configuration list for PBXNativeTarget "PSSCoreTests" */;
			buildPhases = (
				E3F73278B16963E4E18076B3 /* Sources */,
				6DAB59446692EDAEEFE33C59 /* Resources */,
				8571C819BA7C89FAB934B6D2 /* Frameworks */,
				52E94F20B124646DB5FB1794 /* Embed Frameworks */,
			);
			buildRules = (
			);
			dependencies = (
				2649539036257B5918DAA446 /* PBXTargetDependency */,
			);
			name = PSSCoreTests;
			packageProductDependencies = (
			);
			productName = PSSCoreTests;
			productReference = DBCAC992968F039238A42036 /* PSSCoreTests.xctest */;
			productType = "com.apple.product-type.bundle.unit-test";
		};
		91B9D097DFF87EF5D53753D6 /* PSSWidget */ = {
			isa = PBXNativeTarget;
			buildConfigurationList = 28D7A946091437C418A2FF01 /* Build configuration list for PBXNativeTarget "PSSWidget" */;
			buildPhases = (
				5C2C22C170D95DB82516C7EF /* Sources */,
				2E284B356AB671C2494B4F20 /* Frameworks */,
			);
			buildRules = (
			);
			dependencies = (
				E9990B2278A6EB6AD609851C /* PBXTargetDependency */,
			);
			name = PSSWidget;
			packageProductDependencies = (
			);
			productName = PSSWidget;
			productReference = 849CF2FD52E30DD587262982 /* PSSWidget.appex */;
			productType = "com.apple.product-type.app-extension";
		};
		9467937A954DDD40CF26D683 /* PSSCore */ = {
			isa = PBXNativeTarget;
			buildConfigurationList = B3904630E7D852404F551145 /* Build configuration list for PBXNativeTarget "PSSCore" */;
			buildPhases = (
				580FE6CA98D4CCFA2F9E7211 /* Sources */,
			);
			buildRules = (
			);
			dependencies = (
			);
			name = PSSCore;
			packageProductDependencies = (
			);
			productName = PSSCore;
			productReference = BBE4AEB089B8E44E165B2778 /* PSSCore.framework */;
			productType = "com.apple.product-type.framework";
		};
		F9E1A985198E5239C7A8C187 /* PSS */ = {
			isa = PBXNativeTarget;
			buildConfigurationList = 8E11951E6473DAB88381A2F1 /* Build configuration list for PBXNativeTarget "PSS" */;
			buildPhases = (
				D8F15AE93F45BBB4707316EB /* Sources */,
				0E83C4AE69C17F133F838E98 /* Frameworks */,
				8A5C24FB89C29A4663908760 /* Embed Foundation Extensions */,
				9B2DE2F20A4E74744EECA96C /* Embed Frameworks */,
			);
			buildRules = (
			);
			dependencies = (
				9512F49DF9F8DE043F5195F8 /* PBXTargetDependency */,
				A9A32AA17A8B05619D01DF11 /* PBXTargetDependency */,
			);
			name = PSS;
			packageProductDependencies = (
			);
			productName = PSS;
			productReference = DAF21CF131EEFAB110765ED4 /* PSS.app */;
			productType = "com.apple.product-type.application";
		};
/* End PBXNativeTarget section */

/* Begin PBXProject section */
		A985A887BE58C32355D4B28A /* Project object */ = {
			isa = PBXProject;
			attributes = {
				BuildIndependentTargetsInParallel = YES;
				LastUpgradeCheck = 1430;
				TargetAttributes = {
				};
			};
			buildConfigurationList = 039502B87F92E1BEFE95B6F9 /* Build configuration list for PBXProject "PSS" */;
			developmentRegion = en;
			hasScannedForEncodings = 0;
			knownRegions = (
				Base,
				en,
			);
			mainGroup = C0A8620145DE7FF570CBEA87;
			minimizedProjectReferenceProxies = 1;
			preferredProjectObjectVersion = 77;
			productRefGroup = 2E1DFC1FE84E5AE2832C1A00 /* Products */;
			projectDirPath = "";
			projectRoot = "";
			targets = (
				9467937A954DDD40CF26D683 /* PSSCore */,
				F9E1A985198E5239C7A8C187 /* PSS */,
				91B9D097DFF87EF5D53753D6 /* PSSWidget */,
				7F1385094806D2D4429B30AA /* PSSCoreTests */,
			);
		};
/* End PBXProject section */

/* Begin PBXResourcesBuildPhase section */
		6DAB59446692EDAEEFE33C59 /* Resources */ = {
			isa = PBXResourcesBuildPhase;
			buildActionMask = 2147483647;
			files = (
				73417CF07DC956DA2E54ACCB /* deepseek-active.xml in Resources */,
				BCB4EF2501AD0528A29D8EC6 /* deepseek-resolved.xml in Resources */,
				DBD2E12AA47BC3565AE8D848 /* statuspage-critical.json in Resources */,
				4FBCD6E63A3A8961E9891333 /* statuspage-major.json in Resources */,
				5926C30B3644ED25C0313FCC /* statuspage-minor.json in Resources */,
				5ABFB9FA0F57ECE22AE8E062 /* statuspage-none.json in Resources */,
				43E54C670620D661797F23F2 /* xai-active-major.xml in Resources */,
				9625F67319332B3CF2C18735 /* xai-resolved.xml in Resources */,
			);
			runOnlyForDeploymentPostprocessing = 0;
		};
/* End PBXResourcesBuildPhase section */

/* Begin PBXSourcesBuildPhase section */
		580FE6CA98D4CCFA2F9E7211 /* Sources */ = {
			isa = PBXSourcesBuildPhase;
			buildActionMask = 2147483647;
			files = (
				EBFE18022D52B98E7FAAE59D /* FeedProvider.swift in Sources */,
				C73F2F858F642E7521BEF275 /* Service.swift in Sources */,
				359E312248F310B9ECA9B6D5 /* ServiceState.swift in Sources */,
				3720EDE7C8F881C7AFDF697B /* ServiceStatus.swift in Sources */,
				7176A5B32020C5C47C610DC5 /* StatusProvider.swift in Sources */,
				1D99B07BBA3F33DAEE387A2F /* StatuspageProvider.swift in Sources */,
			);
			runOnlyForDeploymentPostprocessing = 0;
		};
		5C2C22C170D95DB82516C7EF /* Sources */ = {
			isa = PBXSourcesBuildPhase;
			buildActionMask = 2147483647;
			files = (
				162BE9BB318378F4D2084447 /* PSSWidgetBundle.swift in Sources */,
				2B219B01E2CD5AFF78D3C64A /* StatusWidget.swift in Sources */,
			);
			runOnlyForDeploymentPostprocessing = 0;
		};
		D8F15AE93F45BBB4707316EB /* Sources */ = {
			isa = PBXSourcesBuildPhase;
			buildActionMask = 2147483647;
			files = (
				53B9D54635ACBDAE6E3E1D09 /* PSSApp.swift in Sources */,
			);
			runOnlyForDeploymentPostprocessing = 0;
		};
		E3F73278B16963E4E18076B3 /* Sources */ = {
			isa = PBXSourcesBuildPhase;
			buildActionMask = 2147483647;
			files = (
				101AA509125B7736A67B2F3F /* FeedProviderTests.swift in Sources */,
				A75A34B1FF943D5B41F13F22 /* ServiceStateTests.swift in Sources */,
				AAFA4B14B9963C46EADF7674 /* StatuspageProviderTests.swift in Sources */,
			);
			runOnlyForDeploymentPostprocessing = 0;
		};
/* End PBXSourcesBuildPhase section */

/* Begin PBXTargetDependency section */
		2649539036257B5918DAA446 /* PBXTargetDependency */ = {
			isa = PBXTargetDependency;
			target = 9467937A954DDD40CF26D683 /* PSSCore */;
			targetProxy = CEF23C8CC1E686EFB0052FA4 /* PBXContainerItemProxy */;
		};
		9512F49DF9F8DE043F5195F8 /* PBXTargetDependency */ = {
			isa = PBXTargetDependency;
			target = 9467937A954DDD40CF26D683 /* PSSCore */;
			targetProxy = AD6CCDB5AF63E77ACF32F3B7 /* PBXContainerItemProxy */;
		};
		A9A32AA17A8B05619D01DF11 /* PBXTargetDependency */ = {
			isa = PBXTargetDependency;
			target = 91B9D097DFF87EF5D53753D6 /* PSSWidget */;
			targetProxy = 03BDBA654050AA2A880C52AD /* PBXContainerItemProxy */;
		};
		E9990B2278A6EB6AD609851C /* PBXTargetDependency */ = {
			isa = PBXTargetDependency;
			target = 9467937A954DDD40CF26D683 /* PSSCore */;
			targetProxy = C4CE0CE7D00816C5BC8261EA /* PBXContainerItemProxy */;
		};
/* End PBXTargetDependency section */

/* Begin XCBuildConfiguration section */
		288D3DEF0442CDE2048E214A /* Debug */ = {
			isa = XCBuildConfiguration;
			buildSettings = {
				ALWAYS_SEARCH_USER_PATHS = NO;
				CLANG_ANALYZER_NONNULL = YES;
				CLANG_ANALYZER_NUMBER_OBJECT_CONVERSION = YES_AGGRESSIVE;
				CLANG_CXX_LANGUAGE_STANDARD = "gnu++14";
				CLANG_CXX_LIBRARY = "libc++";
				CLANG_ENABLE_MODULES = YES;
				CLANG_ENABLE_OBJC_ARC = YES;
				CLANG_ENABLE_OBJC_WEAK = YES;
				CLANG_WARN_BLOCK_CAPTURE_AUTORELEASING = YES;
				CLANG_WARN_BOOL_CONVERSION = YES;
				CLANG_WARN_COMMA = YES;
				CLANG_WARN_CONSTANT_CONVERSION = YES;
				CLANG_WARN_DEPRECATED_OBJC_IMPLEMENTATIONS = YES;
				CLANG_WARN_DIRECT_OBJC_ISA_USAGE = YES_ERROR;
				CLANG_WARN_DOCUMENTATION_COMMENTS = YES;
				CLANG_WARN_EMPTY_BODY = YES;
				CLANG_WARN_ENUM_CONVERSION = YES;
				CLANG_WARN_INFINITE_RECURSION = YES;
				CLANG_WARN_INT_CONVERSION = YES;
				CLANG_WARN_NON_LITERAL_NULL_CONVERSION = YES;
				CLANG_WARN_OBJC_IMPLICIT_RETAIN_SELF = YES;
				CLANG_WARN_OBJC_LITERAL_CONVERSION = YES;
				CLANG_WARN_OBJC_ROOT_CLASS = YES_ERROR;
				CLANG_WARN_QUOTED_INCLUDE_IN_FRAMEWORK_HEADER = YES;
				CLANG_WARN_RANGE_LOOP_ANALYSIS = YES;
				CLANG_WARN_STRICT_PROTOTYPES = YES;
				CLANG_WARN_SUSPICIOUS_MOVE = YES;
				CLANG_WARN_UNGUARDED_AVAILABILITY = YES_AGGRESSIVE;
				CLANG_WARN_UNREACHABLE_CODE = YES;
				CLANG_WARN__DUPLICATE_METHOD_MATCH = YES;
				CODE_SIGNING_ALLOWED = NO;
				CODE_SIGNING_REQUIRED = NO;
				COPY_PHASE_STRIP = NO;
				DEBUG_INFORMATION_FORMAT = dwarf;
				ENABLE_STRICT_OBJC_MSGSEND = YES;
				ENABLE_TESTABILITY = YES;
				GCC_C_LANGUAGE_STANDARD = gnu11;
				GCC_DYNAMIC_NO_PIC = NO;
				GCC_NO_COMMON_BLOCKS = YES;
				GCC_OPTIMIZATION_LEVEL = 0;
				GCC_PREPROCESSOR_DEFINITIONS = (
					"$(inherited)",
					"DEBUG=1",
				);
				GCC_WARN_64_TO_32_BIT_CONVERSION = YES;
				GCC_WARN_ABOUT_RETURN_TYPE = YES_ERROR;
				GCC_WARN_UNDECLARED_SELECTOR = YES;
				GCC_WARN_UNINITIALIZED_AUTOS = YES_AGGRESSIVE;
				GCC_WARN_UNUSED_FUNCTION = YES;
				GCC_WARN_UNUSED_VARIABLE = YES;
				MACOSX_DEPLOYMENT_TARGET = 15.0;
				MTL_ENABLE_DEBUG_INFO = INCLUDE_SOURCE;
				MTL_FAST_MATH = YES;
				ONLY_ACTIVE_ARCH = YES;
				PRODUCT_NAME = "$(TARGET_NAME)";
				SDKROOT = macosx;
				SWIFT_ACTIVE_COMPILATION_CONDITIONS = DEBUG;
				SWIFT_OPTIMIZATION_LEVEL = "-Onone";
				SWIFT_VERSION = 6.0;
			};
			name = Debug;
		};
		2D33946384581CF4BC2BA29F /* Debug */ = {
			isa = XCBuildConfiguration;
			buildSettings = {
				BUNDLE_LOADER = "$(TEST_HOST)";
				COMBINE_HIDPI_IMAGES = YES;
				LD_RUNPATH_SEARCH_PATHS = (
					"$(inherited)",
					"@executable_path/../Frameworks",
					"@loader_path/../Frameworks",
				);
				SDKROOT = macosx;
			};
			name = Debug;
		};
		488C89A7427EDA6494D76C4C /* Debug */ = {
			isa = XCBuildConfiguration;
			buildSettings = {
				CODE_SIGN_ENTITLEMENTS = PSSWidget/PSSWidget.entitlements;
				COMBINE_HIDPI_IMAGES = YES;
				INFOPLIST_FILE = PSSWidget/Info.plist;
				LD_RUNPATH_SEARCH_PATHS = (
					"$(inherited)",
					"@executable_path/../Frameworks",
					"@executable_path/../../../../Frameworks",
				);
				PRODUCT_BUNDLE_IDENTIFIER = com.sergeykuzmich.pss.widget;
				PRODUCT_NAME = PSSWidget;
				SDKROOT = macosx;
			};
			name = Debug;
		};
		548DCE66A915571617347651 /* Release */ = {
			isa = XCBuildConfiguration;
			buildSettings = {
				CODE_SIGN_IDENTITY = "";
				COMBINE_HIDPI_IMAGES = YES;
				CURRENT_PROJECT_VERSION = 1;
				DEFINES_MODULE = YES;
				DYLIB_COMPATIBILITY_VERSION = 1;
				DYLIB_CURRENT_VERSION = 1;
				DYLIB_INSTALL_NAME_BASE = "@rpath";
				INFOPLIST_FILE = PSSCore/Info.plist;
				INSTALL_PATH = "$(LOCAL_LIBRARY_DIR)/Frameworks";
				LD_RUNPATH_SEARCH_PATHS = (
					"$(inherited)",
					"@executable_path/../Frameworks",
				);
				PRODUCT_BUNDLE_IDENTIFIER = com.sergeykuzmich.pss.core;
				SDKROOT = macosx;
				SKIP_INSTALL = YES;
				VERSIONING_SYSTEM = "apple-generic";
			};
			name = Release;
		};
		5A0A1A319EB508549AD58A2E /* Debug */ = {
			isa = XCBuildConfiguration;
			buildSettings = {
				CODE_SIGN_IDENTITY = "";
				COMBINE_HIDPI_IMAGES = YES;
				CURRENT_PROJECT_VERSION = 1;
				DEFINES_MODULE = YES;
				DYLIB_COMPATIBILITY_VERSION = 1;
				DYLIB_CURRENT_VERSION = 1;
				DYLIB_INSTALL_NAME_BASE = "@rpath";
				INFOPLIST_FILE = PSSCore/Info.plist;
				INSTALL_PATH = "$(LOCAL_LIBRARY_DIR)/Frameworks";
				LD_RUNPATH_SEARCH_PATHS = (
					"$(inherited)",
					"@executable_path/../Frameworks",
				);
				PRODUCT_BUNDLE_IDENTIFIER = com.sergeykuzmich.pss.core;
				SDKROOT = macosx;
				SKIP_INSTALL = YES;
				VERSIONING_SYSTEM = "apple-generic";
			};
			name = Debug;
		};
		B4F1E24269787901F3488819 /* Release */ = {
			isa = XCBuildConfiguration;
			buildSettings = {
				CODE_SIGN_ENTITLEMENTS = PSSWidget/PSSWidget.entitlements;
				COMBINE_HIDPI_IMAGES = YES;
				INFOPLIST_FILE = PSSWidget/Info.plist;
				LD_RUNPATH_SEARCH_PATHS = (
					"$(inherited)",
					"@executable_path/../Frameworks",
					"@executable_path/../../../../Frameworks",
				);
				PRODUCT_BUNDLE_IDENTIFIER = com.sergeykuzmich.pss.widget;
				PRODUCT_NAME = PSSWidget;
				SDKROOT = macosx;
			};
			name = Release;
		};
		B60F4CF5C3CCFEE3BAC17945 /* Release */ = {
			isa = XCBuildConfiguration;
			buildSettings = {
				ALWAYS_SEARCH_USER_PATHS = NO;
				CLANG_ANALYZER_NONNULL = YES;
				CLANG_ANALYZER_NUMBER_OBJECT_CONVERSION = YES_AGGRESSIVE;
				CLANG_CXX_LANGUAGE_STANDARD = "gnu++14";
				CLANG_CXX_LIBRARY = "libc++";
				CLANG_ENABLE_MODULES = YES;
				CLANG_ENABLE_OBJC_ARC = YES;
				CLANG_ENABLE_OBJC_WEAK = YES;
				CLANG_WARN_BLOCK_CAPTURE_AUTORELEASING = YES;
				CLANG_WARN_BOOL_CONVERSION = YES;
				CLANG_WARN_COMMA = YES;
				CLANG_WARN_CONSTANT_CONVERSION = YES;
				CLANG_WARN_DEPRECATED_OBJC_IMPLEMENTATIONS = YES;
				CLANG_WARN_DIRECT_OBJC_ISA_USAGE = YES_ERROR;
				CLANG_WARN_DOCUMENTATION_COMMENTS = YES;
				CLANG_WARN_EMPTY_BODY = YES;
				CLANG_WARN_ENUM_CONVERSION = YES;
				CLANG_WARN_INFINITE_RECURSION = YES;
				CLANG_WARN_INT_CONVERSION = YES;
				CLANG_WARN_NON_LITERAL_NULL_CONVERSION = YES;
				CLANG_WARN_OBJC_IMPLICIT_RETAIN_SELF = YES;
				CLANG_WARN_OBJC_LITERAL_CONVERSION = YES;
				CLANG_WARN_OBJC_ROOT_CLASS = YES_ERROR;
				CLANG_WARN_QUOTED_INCLUDE_IN_FRAMEWORK_HEADER = YES;
				CLANG_WARN_RANGE_LOOP_ANALYSIS = YES;
				CLANG_WARN_STRICT_PROTOTYPES = YES;
				CLANG_WARN_SUSPICIOUS_MOVE = YES;
				CLANG_WARN_UNGUARDED_AVAILABILITY = YES_AGGRESSIVE;
				CLANG_WARN_UNREACHABLE_CODE = YES;
				CLANG_WARN__DUPLICATE_METHOD_MATCH = YES;
				CODE_SIGNING_ALLOWED = NO;
				CODE_SIGNING_REQUIRED = NO;
				COPY_PHASE_STRIP = NO;
				DEBUG_INFORMATION_FORMAT = "dwarf-with-dsym";
				ENABLE_NS_ASSERTIONS = NO;
				ENABLE_STRICT_OBJC_MSGSEND = YES;
				GCC_C_LANGUAGE_STANDARD = gnu11;
				GCC_NO_COMMON_BLOCKS = YES;
				GCC_WARN_64_TO_32_BIT_CONVERSION = YES;
				GCC_WARN_ABOUT_RETURN_TYPE = YES_ERROR;
				GCC_WARN_UNDECLARED_SELECTOR = YES;
				GCC_WARN_UNINITIALIZED_AUTOS = YES_AGGRESSIVE;
				GCC_WARN_UNUSED_FUNCTION = YES;
				GCC_WARN_UNUSED_VARIABLE = YES;
				MACOSX_DEPLOYMENT_TARGET = 15.0;
				MTL_ENABLE_DEBUG_INFO = NO;
				MTL_FAST_MATH = YES;
				PRODUCT_NAME = "$(TARGET_NAME)";
				SDKROOT = macosx;
				SWIFT_COMPILATION_MODE = wholemodule;
				SWIFT_OPTIMIZATION_LEVEL = "-O";
				SWIFT_VERSION = 6.0;
			};
			name = Release;
		};
		C17CEEB091E0B0FA9AE24007 /* Release */ = {
			isa = XCBuildConfiguration;
			buildSettings = {
				ASSETCATALOG_COMPILER_APPICON_NAME = AppIcon;
				CODE_SIGN_ENTITLEMENTS = PSS/PSS.entitlements;
				COMBINE_HIDPI_IMAGES = YES;
				INFOPLIST_FILE = PSS/Info.plist;
				LD_RUNPATH_SEARCH_PATHS = (
					"$(inherited)",
					"@executable_path/../Frameworks",
				);
				PRODUCT_BUNDLE_IDENTIFIER = com.sergeykuzmich.pss;
				SDKROOT = macosx;
			};
			name = Release;
		};
		E1AAA88DCF3C516A0B753FF6 /* Release */ = {
			isa = XCBuildConfiguration;
			buildSettings = {
				BUNDLE_LOADER = "$(TEST_HOST)";
				COMBINE_HIDPI_IMAGES = YES;
				LD_RUNPATH_SEARCH_PATHS = (
					"$(inherited)",
					"@executable_path/../Frameworks",
					"@loader_path/../Frameworks",
				);
				SDKROOT = macosx;
			};
			name = Release;
		};
		E37EF6091D2261EB0634E981 /* Debug */ = {
			isa = XCBuildConfiguration;
			buildSettings = {
				ASSETCATALOG_COMPILER_APPICON_NAME = AppIcon;
				CODE_SIGN_ENTITLEMENTS = PSS/PSS.entitlements;
				COMBINE_HIDPI_IMAGES = YES;
				INFOPLIST_FILE = PSS/Info.plist;
				LD_RUNPATH_SEARCH_PATHS = (
					"$(inherited)",
					"@executable_path/../Frameworks",
				);
				PRODUCT_BUNDLE_IDENTIFIER = com.sergeykuzmich.pss;
				SDKROOT = macosx;
			};
			name = Debug;
		};
/* End XCBuildConfiguration section */

/* Begin XCConfigurationList section */
		039502B87F92E1BEFE95B6F9 /* Build configuration list for PBXProject "PSS" */ = {
			isa = XCConfigurationList;
			buildConfigurations = (
				288D3DEF0442CDE2048E214A /* Debug */,
				B60F4CF5C3CCFEE3BAC17945 /* Release */,
			);
			defaultConfigurationIsVisible = 0;
			defaultConfigurationName = Debug;
		};
		28D7A946091437C418A2FF01 /* Build configuration list for PBXNativeTarget "PSSWidget" */ = {
			isa = XCConfigurationList;
			buildConfigurations = (
				488C89A7427EDA6494D76C4C /* Debug */,
				B4F1E24269787901F3488819 /* Release */,
			);
			defaultConfigurationIsVisible = 0;
			defaultConfigurationName = Debug;
		};
		5FD4B2AD63A9C6C57C26B8D3 /* Build configuration list for PBXNativeTarget "PSSCoreTests" */ = {
			isa = XCConfigurationList;
			buildConfigurations = (
				2D33946384581CF4BC2BA29F /* Debug */,
				E1AAA88DCF3C516A0B753FF6 /* Release */,
			);
			defaultConfigurationIsVisible = 0;
			defaultConfigurationName = Debug;
		};
		8E11951E6473DAB88381A2F1 /* Build configuration list for PBXNativeTarget "PSS" */ = {
			isa = XCConfigurationList;
			buildConfigurations = (
				E37EF6091D2261EB0634E981 /* Debug */,
				C17CEEB091E0B0FA9AE24007 /* Release */,
			);
			defaultConfigurationIsVisible = 0;
			defaultConfigurationName = Debug;
		};
		B3904630E7D852404F551145 /* Build configuration list for PBXNativeTarget "PSSCore" */ = {
			isa = XCConfigurationList;
			buildConfigurations = (
				5A0A1A319EB508549AD58A2E /* Debug */,
				548DCE66A915571617347651 /* Release */,
			);
			defaultConfigurationIsVisible = 0;
			defaultConfigurationName = Debug;
		};
/* End XCConfigurationList section */
	};
	rootObject = A985A887BE58C32355D4B28A /* Project object */;
}
